
Microsoft Visual Studio Solution File, Format Version 12.00
# Visual Studio Version 17
VisualStudioVersion = 17.8.34408.163
MinimumVisualStudioVersion = 10.0.40219.1
Project("{FAE04EC0-301F-11D3-BF4B-00C04F79EFBC}") = "WinFormsApp4", "WinFormsApp4\WinFormsApp4.csproj", "{7F2674DF-9E93-4D72-B18F-4E610CA5C56E}"
EndProject
Global
	GlobalSection(SolutionConfigurationPlatforms) = preSolution
		Debug|Any CPU = Debug|Any CPU
		Release|Any CPU = Release|Any CPU
	EndGlobalSection
	GlobalSection(ProjectConfigurationPlatforms) = postSolution
		{7F2674DF-9E93-4D72-B18F-4E610CA5C56E}.Debug|Any CPU.ActiveCfg = Debug|Any CPU
		{7F2674DF-9E93-4D72-B18F-4E610CA5C56E}.Debug|Any CPU.Build.0 = Debug|Any CPU
		{7F2674DF-9E93-4D72-B18F-4E610CA5C56E}.Release|Any CPU.ActiveCfg = Release|Any CPU
		{7F2674DF-9E93-4D72-B18F-4E610CA5C56E}.Release|Any CPU.Build.0 = Release|Any CPU
	EndGlobalSection
	GlobalSection(SolutionProperties) = preSolution
		HideSolutionNode = FALSE
	EndGlobalSection
	GlobalSection(ExtensibilityGlobals) = postSolution
		SolutionGuid = {81F5B431-2BB8-4081-A8AD-94A1E18D2727}
	EndGlobalSection
EndGlobal
